
Microsoft Visual Studio Solution File, Format Version 12.00
# Visual Studio Version 17
VisualStudioVersion = 17.13.35818.85 d17.13
MinimumVisualStudioVersion = 10.0.40219.1
Project("{FAE04EC0-301F-11D3-BF4B-00C04F79EFBC}") = "ProjektManager", "ProjektManager\ProjektManager.csproj", "{B77BEC7F-D4BA-4478-BA2E-600722896D5C}"
EndProject
Global
	GlobalSection(SolutionConfigurationPlatforms) = preSolution
		Debug|Any CPU = Debug|Any CPU
		Release|Any CPU = Release|Any CPU
	EndGlobalSection
	GlobalSection(ProjectConfigurationPlatforms) = postSolution
		{B77BEC7F-D4BA-4478-BA2E-600722896D5C}.Debug|Any CPU.ActiveCfg = Debug|Any CPU
		{B77BEC7F-D4BA-4478-BA2E-600722896D5C}.Debug|Any CPU.Build.0 = Debug|Any CPU
		{B77BEC7F-D4BA-4478-BA2E-600722896D5C}.Release|Any CPU.ActiveCfg = Release|Any CPU
		{B77BEC7F-D4BA-4478-BA2E-600722896D5C}.Release|Any CPU.Build.0 = Release|Any CPU
	EndGlobalSection
	GlobalSection(SolutionProperties) = preSolution
		HideSolutionNode = FALSE
	EndGlobalSection
	GlobalSection(ExtensibilityGlobals) = postSolution
		SolutionGuid = {535C3EC0-EEB2-41FD-9163-FB83B5F49D0E}
	EndGlobalSection
EndGlobal
